// !$*UTF8*$!
{
	archiveVersion = 1;
	classes = {
	};
	objectVersion = 50;
	objects = {

/* Begin PBXBuildFile section */
		6D20EB7520CB1DEE00CACEE1 /* MainWindow.m in Sources */ = {isa = PBXBuildFile; fileRef = 6D20EB7420CB1DEE00CACEE1 /* MainWindow.m */; };
		6D3E789720C861460068D66D /* Localizable.strings in Resources */ = {isa = PBXBuildFile; fileRef = BBEC71E72099FB8400829FBA /* Localizable.strings */; };
		6D3E789B20C87A030068D66D /* InfoPlist.strings in Resources */ = {isa = PBXBuildFile; fileRef = BBA182F82099DBAD00BACE5D /* InfoPlist.strings */; };
		6D3E78A520C882670068D66D /* MainApplicationDelegate.m in Sources */ = {isa = PBXBuildFile; fileRef = 6D9D58DA20C5D88E00090087 /* MainApplicationDelegate.m */; };
		6D3E78A720C884DE0068D66D /* Main.storyboard in Resources */ = {isa = PBXBuildFile; fileRef = 6D3E789820C876810068D66D /* Main.storyboard */; };
		6D3E78A820C886770068D66D /* MainViewController.m in Sources */ = {isa = PBXBuildFile; fileRef = 6D9D58DD20C5D88E00090087 /* MainViewController.m */; };
		6D3E78AB20C890530068D66D /* MainApplication.m in Sources */ = {isa = PBXBuildFile; fileRef = 6D3E78AA20C890530068D66D /* MainApplication.m */; };
		6D76335720CD9E75003175E1 /* Send.applescript in Sources */ = {isa = PBXBuildFile; fileRef = 6D76335620CD9E75003175E1 /* Send.applescript */; };
		6D9D58E020C5D88F00090087 /* Assets.xcassets in Resources */ = {isa = PBXBuildFile; fileRef = 6D9D58DF20C5D88F00090087 /* Assets.xcassets */; };
		6D9D58EB20C5D89C00090087 /* main.m in Sources */ = {isa = PBXBuildFile; fileRef = 6D50789020AA0CB900EFB987 /* main.m */; };
/* End PBXBuildFile section */

/* Begin PBXBuildRule section */
		6D76335220CD9C5F003175E1 /* PBXBuildRule */ = {
			isa = PBXBuildRule;
			compilerSpec = com.apple.compilers.proxy.script;
			filePatterns = "*.applescript";
			fileType = pattern.proxy;
			inputFiles = (
			);
			isEditable = 1;
			outputFiles = (
				"$(TARGET_BUILD_DIR)/$(SCRIPTS_FOLDER_PATH)/$(INPUT_FILE_BASE).scpt",
			);
			script = "/usr/bin/osacompile -o \"$SCRIPT_OUTPUT_FILE_0\" \"$SCRIPT_INPUT_FILE\"\n";
		};
/* End PBXBuildRule section */

/* Begin PBXFileReference section */
		6D20EB7320CB1DEE00CACEE1 /* MainWindow.h */ = {isa = PBXFileReference; lastKnownFileType = sourcecode.c.h; path = MainWindow.h; sourceTree = "<group>"; };
		6D20EB7420CB1DEE00CACEE1 /* MainWindow.m */ = {isa = PBXFileReference; lastKnownFileType = sourcecode.c.objc; path = MainWindow.m; sourceTree = "<group>"; };
		6D20EB7620CC05EA00CACEE1 /* AppleScriptKit.framework */ = {isa = PBXFileReference; lastKnownFileType = wrapper.framework; name = AppleScriptKit.framework; path = System/Library/Frameworks/AppleScriptKit.framework; sourceTree = SDKROOT; };
		6D3E789020C740910068D66D /* AppKit.framework */ = {isa = PBXFileReference; lastKnownFileType = wrapper.framework; name = AppKit.framework; path = System/Library/Frameworks/AppKit.framework; sourceTree = SDKROOT; };
		6D3E789220C741470068D66D /* Foundation.framework */ = {isa = PBXFileReference; lastKnownFileType = wrapper.framework; name = Foundation.framework; path = System/Library/Frameworks/Foundation.framework; sourceTree = SDKROOT; };
		6D3E789820C876810068D66D /* Main.storyboard */ = {isa = PBXFileReference; lastKnownFileType = file.storyboard; path = Main.storyboard; sourceTree = "<group>"; };
		6D3E78A920C890530068D66D /* MainApplication.h */ = {isa = PBXFileReference; lastKnownFileType = sourcecode.c.h; path = MainApplication.h; sourceTree = "<group>"; };
		6D3E78AA20C890530068D66D /* MainApplication.m */ = {isa = PBXFileReference; lastKnownFileType = sourcecode.c.objc; path = MainApplication.m; sourceTree = "<group>"; };
		6D50789020AA0CB900EFB987 /* main.m */ = {isa = PBXFileReference; lastKnownFileType = sourcecode.c.objc; path = main.m; sourceTree = "<group>"; };
		6D76335620CD9E75003175E1 /* Send.applescript */ = {isa = PBXFileReference; fileEncoding = 4; lastKnownFileType = sourcecode.applescript; path = Send.applescript; sourceTree = "<group>"; };
		6D9D58D720C5D88E00090087 /* Send via Outlook.pdfworkflow */ = {isa = PBXFileReference; explicitFileType = wrapper.application; includeInIndex = 0; path = "Send via Outlook.pdfworkflow"; sourceTree = BUILT_PRODUCTS_DIR; };
		6D9D58D920C5D88E00090087 /* MainApplicationDelegate.h */ = {isa = PBXFileReference; lastKnownFileType = sourcecode.c.h; path = MainApplicationDelegate.h; sourceTree = "<group>"; };
		6D9D58DA20C5D88E00090087 /* MainApplicationDelegate.m */ = {isa = PBXFileReference; lastKnownFileType = sourcecode.c.objc; path = MainApplicationDelegate.m; sourceTree = "<group>"; };
		6D9D58DC20C5D88E00090087 /* MainViewController.h */ = {isa = PBXFileReference; lastKnownFileType = sourcecode.c.h; path = MainViewController.h; sourceTree = "<group>"; };
		6D9D58DD20C5D88E00090087 /* MainViewController.m */ = {isa = PBXFileReference; lastKnownFileType = sourcecode.c.objc; path = MainViewController.m; sourceTree = "<group>"; };
		6D9D58DF20C5D88F00090087 /* Assets.xcassets */ = {isa = PBXFileReference; lastKnownFileType = folder.assetcatalog; path = Assets.xcassets; sourceTree = "<group>"; };
		6D9D58E420C5D88F00090087 /* Info.plist */ = {isa = PBXFileReference; lastKnownFileType = text.plist.xml; path = Info.plist; sourceTree = "<group>"; };
		6DE7B5DD209B5ED300D0ECA1 /* README.md */ = {isa = PBXFileReference; lastKnownFileType = net.daringfireball.markdown; path = README.md; sourceTree = "<group>"; };
		6DE7B5DE209B9E1A00D0ECA1 /* Images */ = {isa = PBXFileReference; lastKnownFileType = folder; path = Images; sourceTree = "<group>"; };
		BBA182F72099DBAD00BACE5D /* en */ = {isa = PBXFileReference; lastKnownFileType = text.plist.strings; name = en; path = en.lproj/InfoPlist.strings; sourceTree = "<group>"; };
		BBA182F92099DBC300BACE5D /* da */ = {isa = PBXFileReference; lastKnownFileType = text.plist.strings; name = da; path = da.lproj/InfoPlist.strings; sourceTree = "<group>"; };
		BBEC71E62099FB8400829FBA /* en */ = {isa = PBXFileReference; lastKnownFileType = text.plist.strings; name = en; path = en.lproj/Localizable.strings; sourceTree = "<group>"; };
		BBEC71E82099FB8600829FBA /* da */ = {isa = PBXFileReference; lastKnownFileType = text.plist.strings; name = da; path = da.lproj/Localizable.strings; sourceTree = "<group>"; };
/* End PBXFileReference section */

/* Begin PBXFrameworksBuildPhase section */
		6D9D58D420C5D88E00090087 /* Frameworks */ = {
			isa = PBXFrameworksBuildPhase;
			buildActionMask = 2147483647;
			files = (
			);
			runOnlyForDeploymentPostprocessing = 0;
		};
/* End PBXFrameworksBuildPhase section */

/* Begin PBXGroup section */
		6D3E788F20C740900068D66D /* Frameworks */ = {
			isa = PBXGroup;
			children = (
				6D20EB7620CC05EA00CACEE1 /* AppleScriptKit.framework */,
				6D3E789220C741470068D66D /* Foundation.framework */,
				6D3E789020C740910068D66D /* AppKit.framework */,
			);
			name = Frameworks;
			sourceTree = "<group>";
		};
		6D76335520CD9E75003175E1 /* Scripts */ = {
			isa = PBXGroup;
			children = (
				6D76335620CD9E75003175E1 /* Send.applescript */,
			);
			path = Scripts;
			sourceTree = "<group>";
		};
		BBFCC2452099A0BF00685DCF = {
			isa = PBXGroup;
			children = (
				6DE7B5DE209B9E1A00D0ECA1 /* Images */,
				6DE7B5DD209B5ED300D0ECA1 /* README.md */,
				BBFCC2502099A0BF00685DCF /* Send via Outlook */,
				BBFCC24F2099A0BF00685DCF /* Products */,
				6D3E788F20C740900068D66D /* Frameworks */,
			);
			sourceTree = "<group>";
		};
		BBFCC24F2099A0BF00685DCF /* Products */ = {
			isa = PBXGroup;
			children = (
				6D9D58D720C5D88E00090087 /* Send via Outlook.pdfworkflow */,
			);
			name = Products;
			sourceTree = "<group>";
		};
		BBFCC2502099A0BF00685DCF /* Send via Outlook */ = {
			isa = PBXGroup;
			children = (
				6D76335520CD9E75003175E1 /* Scripts */,
				BBA182F82099DBAD00BACE5D /* InfoPlist.strings */,
				BBEC71E72099FB8400829FBA /* Localizable.strings */,
				6D50789020AA0CB900EFB987 /* main.m */,
				6D9D58E420C5D88F00090087 /* Info.plist */,
				6D3E78A920C890530068D66D /* MainApplication.h */,
				6D3E78AA20C890530068D66D /* MainApplication.m */,
				6D9D58D920C5D88E00090087 /* MainApplicationDelegate.h */,
				6D9D58DA20C5D88E00090087 /* MainApplicationDelegate.m */,
				6D20EB7320CB1DEE00CACEE1 /* MainWindow.h */,
				6D20EB7420CB1DEE00CACEE1 /* MainWindow.m */,
				6D9D58DC20C5D88E00090087 /* MainViewController.h */,
				6D9D58DD20C5D88E00090087 /* MainViewController.m */,
				6D9D58DF20C5D88F00090087 /* Assets.xcassets */,
				6D3E789820C876810068D66D /* Main.storyboard */,
			);
			path = "Send via Outlook";
			sourceTree = "<group>";
		};
/* End PBXGroup section */

/* Begin PBXNativeTarget section */
		6D9D58D620C5D88E00090087 /* Send via Outlook */ = {
			isa = PBXNativeTarget;
			buildConfigurationList = 6D9D58EA20C5D88F00090087 /* Build configuration list for PBXNativeTarget "Send via Outlook" */;
			buildPhases = (
				6D9D58D320C5D88E00090087 /* Sources */,
				6D9D58D420C5D88E00090087 /* Frameworks */,
				6D9D58D520C5D88E00090087 /* Resources */,
				6D3E789F20C87CB30068D66D /* Run Script - tool */,
				6DD58E9A228CD6500034117D /* Run Script - quicklook */,
			);
			buildRules = (
				6D76335220CD9C5F003175E1 /* PBXBuildRule */,
			);
			dependencies = (
			);
			name = "Send via Outlook";
			productName = Test;
			productReference = 6D9D58D720C5D88E00090087 /* Send via Outlook.pdfworkflow */;
			productType = "com.apple.product-type.application";
		};
/* End PBXNativeTarget section */

/* Begin PBXProject section */
		BBFCC2462099A0BF00685DCF /* Project object */ = {
			isa = PBXProject;
			attributes = {
				LastUpgradeCheck = 1220;
				ORGANIZATIONNAME = "ML-Consulting";
				TargetAttributes = {
					6D9D58D620C5D88E00090087 = {
						CreatedOnToolsVersion = 9.4;
						SystemCapabilities = {
							com.apple.Sandbox = {
								enabled = 0;
							};
						};
					};
				};
			};
			buildConfigurationList = BBFCC2492099A0BF00685DCF /* Build configuration list for PBXProject "Send via Outlook" */;
			compatibilityVersion = "Xcode 9.3";
			developmentRegion = en;
			hasScannedForEncodings = 0;
			knownRegions = (
				en,
				da,
				Base,
			);
			mainGroup = BBFCC2452099A0BF00685DCF;
			productRefGroup = BBFCC24F2099A0BF00685DCF /* Products */;
			projectDirPath = "";
			projectRoot = "";
			targets = (
				6D9D58D620C5D88E00090087 /* Send via Outlook */,
			);
		};
/* End PBXProject section */

/* Begin PBXResourcesBuildPhase section */
		6D9D58D520C5D88E00090087 /* Resources */ = {
			isa = PBXResourcesBuildPhase;
			buildActionMask = 2147483647;
			files = (
				6D3E789720C861460068D66D /* Localizable.strings in Resources */,
				6D3E78A720C884DE0068D66D /* Main.storyboard in Resources */,
				6D9D58E020C5D88F00090087 /* Assets.xcassets in Resources */,
				6D3E789B20C87A030068D66D /* InfoPlist.strings in Resources */,
			);
			runOnlyForDeploymentPostprocessing = 0;
		};
/* End PBXResourcesBuildPhase section */

/* Begin PBXShellScriptBuildPhase section */
		6D3E789F20C87CB30068D66D /* Run Script - tool */ = {
			isa = PBXShellScriptBuildPhase;
			buildActionMask = 2147483647;
			files = (
			);
			inputPaths = (
				"${TARGET_BUILD_DIR}/${EXECUTABLE_PATH}",
			);
			name = "Run Script - tool";
			outputPaths = (
				"$(TARGET_BUILD_DIR)/$(UNLOCALIZED_RESOURCES_FOLDER_PATH)/tool",
			);
			runOnlyForDeploymentPostprocessing = 0;
			shellPath = /bin/sh;
			shellScript = "# For the PDF WrokFlow to work, there must be an executable called \"tool\" in the \"Resources\" folder\ncp \"${SCRIPT_INPUT_FILE_0}\" \"${SCRIPT_OUTPUT_FILE_0}\"\n";
			showEnvVarsInLog = 0;
		};
		6DD58E9A228CD6500034117D /* Run Script - quicklook */ = {
			isa = PBXShellScriptBuildPhase;
			buildActionMask = 2147483647;
			files = (
			);
			inputFileListPaths = (
			);
			inputPaths = (
				"$(TARGET_BUILD_DIR)/$(UNLOCALIZED_RESOURCES_FOLDER_PATH)/AppIcon.icns",
			);
			name = "Run Script - quicklook";
			outputFileListPaths = (
			);
			outputPaths = (
				"$(TARGET_BUILD_DIR)/$(CONTENTS_FOLDER_PATH)/QuickLook/Thumbnail.icns",
			);
			runOnlyForDeploymentPostprocessing = 0;
			shellPath = /bin/sh;
			shellScript = "cp \"${SCRIPT_INPUT_FILE_0}\" \"${SCRIPT_OUTPUT_FILE_0}\"\n";
			showEnvVarsInLog = 0;
		};
/* End PBXShellScriptBuildPhase section */

/* Begin PBXSourcesBuildPhase section */
		6D9D58D320C5D88E00090087 /* Sources */ = {
			isa = PBXSourcesBuildPhase;
			buildActionMask = 2147483647;
			files = (
				6D3E78AB20C890530068D66D /* MainApplication.m in Sources */,
				6D3E78A820C886770068D66D /* MainViewController.m in Sources */,
				6D20EB7520CB1DEE00CACEE1 /* MainWindow.m in Sources */,
				6D76335720CD9E75003175E1 /* Send.applescript in Sources */,
				6D3E78A520C882670068D66D /* MainApplicationDelegate.m in Sources */,
				6D9D58EB20C5D89C00090087 /* main.m in Sources */,
			);
			runOnlyForDeploymentPostprocessing = 0;
		};
/* End PBXSourcesBuildPhase section */

/* Begin PBXVariantGroup section */
		BBA182F82099DBAD00BACE5D /* InfoPlist.strings */ = {
			isa = PBXVariantGroup;
			children = (
				BBA182F72099DBAD00BACE5D /* en */,
				BBA182F92099DBC300BACE5D /* da */,
			);
			name = InfoPlist.strings;
			sourceTree = "<group>";
		};
		BBEC71E72099FB8400829FBA /* Localizable.strings */ = {
			isa = PBXVariantGroup;
			children = (
				BBEC71E62099FB8400829FBA /* en */,
				BBEC71E82099FB8600829FBA /* da */,
			);
			name = Localizable.strings;
			sourceTree = "<group>";
		};
/* End PBXVariantGroup section */

/* Begin XCBuildConfiguration section */
		6D9D58E820C5D88F00090087 /* Debug */ = {
			isa = XCBuildConfiguration;
			buildSettings = {
				ASSETCATALOG_COMPILER_APPICON_NAME = AppIcon;
				CODE_SIGN_IDENTITY = "Mac Developer";
				CODE_SIGN_STYLE = Automatic;
				COMBINE_HIDPI_IMAGES = YES;
				DEVELOPMENT_TEAM = 38G5P3YVC2;
				ENABLE_HARDENED_RUNTIME = YES;
				INFOPLIST_FILE = "Send via Outlook/Info.plist";
				INSTALL_PATH = "\"~/Library/PDF Services\"";
				LD_RUNPATH_SEARCH_PATHS = (
					"$(inherited)",
					"@executable_path/../Frameworks",
				);
				PRODUCT_BUNDLE_IDENTIFIER = com.lobger.pdfworkflow.outlook;
				PRODUCT_NAME = "$(TARGET_NAME)";
				WRAPPER_EXTENSION = pdfworkflow;
			};
			name = Debug;
		};
		6D9D58E920C5D88F00090087 /* Release */ = {
			isa = XCBuildConfiguration;
			buildSettings = {
				ASSETCATALOG_COMPILER_APPICON_NAME = AppIcon;
				CODE_SIGN_IDENTITY = "Apple Development";
				CODE_SIGN_STYLE = Automatic;
				COMBINE_HIDPI_IMAGES = YES;
				DEVELOPMENT_TEAM = 38G5P3YVC2;
				ENABLE_HARDENED_RUNTIME = YES;
				INFOPLIST_FILE = "Send via Outlook/Info.plist";
				INSTALL_PATH = "\"~/Library/PDF Services\"";
				LD_RUNPATH_SEARCH_PATHS = (
					"$(inherited)",
					"@executable_path/../Frameworks",
				);
				PRODUCT_BUNDLE_IDENTIFIER = com.lobger.pdfworkflow.outlook;
				PRODUCT_NAME = "$(TARGET_NAME)";
				PROVISIONING_PROFILE_SPECIFIER = "";
				WRAPPER_EXTENSION = pdfworkflow;
			};
			name = Release;
		};
		BBFCC2522099A0BF00685DCF /* Debug */ = {
			isa = XCBuildConfiguration;
			buildSettings = {
				ALWAYS_SEARCH_USER_PATHS = NO;
				CLANG_ANALYZER_LOCALIZABILITY_NONLOCALIZED = YES;
				CLANG_ANALYZER_NONNULL = YES;
				CLANG_ANALYZER_NUMBER_OBJECT_CONVERSION = YES_AGGRESSIVE;
				CLANG_CXX_LANGUAGE_STANDARD = "gnu++14";
				CLANG_CXX_LIBRARY = "libc++";
				CLANG_ENABLE_MODULES = YES;
				CLANG_ENABLE_OBJC_ARC = YES;
				CLANG_ENABLE_OBJC_WEAK = YES;
				CLANG_WARN_BLOCK_CAPTURE_AUTORELEASING = YES;
				CLANG_WARN_BOOL_CONVERSION = YES;
				CLANG_WARN_COMMA = YES;
				CLANG_WARN_CONSTANT_CONVERSION = YES;
				CLANG_WARN_DEPRECATED_OBJC_IMPLEMENTATIONS = YES;
				CLANG_WARN_DIRECT_OBJC_ISA_USAGE = YES_ERROR;
				CLANG_WARN_DOCUMENTATION_COMMENTS = YES;
				CLANG_WARN_EMPTY_BODY = YES;
				CLANG_WARN_ENUM_CONVERSION = YES;
				CLANG_WARN_INFINITE_RECURSION = YES;
				CLANG_WARN_INT_CONVERSION = YES;
				CLANG_WARN_NON_LITERAL_NULL_CONVERSION = YES;
				CLANG_WARN_OBJC_IMPLICIT_RETAIN_SELF = YES;
				CLANG_WARN_OBJC_LITERAL_CONVERSION = YES;
				CLANG_WARN_OBJC_ROOT_CLASS = YES_ERROR;
				CLANG_WARN_QUOTED_INCLUDE_IN_FRAMEWORK_HEADER = YES;
				CLANG_WARN_RANGE_LOOP_ANALYSIS = YES;
				CLANG_WARN_STRICT_PROTOTYPES = YES;
				CLANG_WARN_SUSPICIOUS_MOVE = YES;
				CLANG_WARN_UNGUARDED_AVAILABILITY = YES_AGGRESSIVE;
				CLANG_WARN_UNREACHABLE_CODE = YES;
				CLANG_WARN__DUPLICATE_METHOD_MATCH = YES;
				CODE_SIGN_IDENTITY = "-";
				COPY_PHASE_STRIP = NO;
				DEBUG_INFORMATION_FORMAT = dwarf;
				ENABLE_STRICT_OBJC_MSGSEND = YES;
				ENABLE_TESTABILITY = YES;
				GCC_C_LANGUAGE_STANDARD = gnu11;
				GCC_DYNAMIC_NO_PIC = NO;
				GCC_NO_COMMON_BLOCKS = YES;
				GCC_OPTIMIZATION_LEVEL = 0;
				GCC_PREPROCESSOR_DEFINITIONS = (
					"DEBUG=1",
					"$(inherited)",
				);
				GCC_WARN_64_TO_32_BIT_CONVERSION = YES;
				GCC_WARN_ABOUT_RETURN_TYPE = YES_ERROR;
				GCC_WARN_UNDECLARED_SELECTOR = YES;
				GCC_WARN_UNINITIALIZED_AUTOS = YES_AGGRESSIVE;
				GCC_WARN_UNUSED_FUNCTION = YES;
				GCC_WARN_UNUSED_VARIABLE = YES;
				MACOSX_DEPLOYMENT_TARGET = 10.13;
				MTL_ENABLE_DEBUG_INFO = YES;
				ONLY_ACTIVE_ARCH = YES;
				SDKROOT = macosx;
			};
			name = Debug;
		};
		BBFCC2532099A0BF00685DCF /* Release */ = {
			isa = XCBuildConfiguration;
			buildSettings = {
				ALWAYS_SEARCH_USER_PATHS = NO;
				CLANG_ANALYZER_LOCALIZABILITY_NONLOCALIZED = YES;
				CLANG_ANALYZER_NONNULL = YES;
				CLANG_ANALYZER_NUMBER_OBJECT_CONVERSION = YES_AGGRESSIVE;
				CLANG_CXX_LANGUAGE_STANDARD = "gnu++14";
				CLANG_CXX_LIBRARY = "libc++";
				CLANG_ENABLE_MODULES = YES;
				CLANG_ENABLE_OBJC_ARC = YES;
				CLANG_ENABLE_OBJC_WEAK = YES;
				CLANG_WARN_BLOCK_CAPTURE_AUTORELEASING = YES;
				CLANG_WARN_BOOL_CONVERSION = YES;
				CLANG_WARN_COMMA = YES;
				CLANG_WARN_CONSTANT_CONVERSION = YES;
				CLANG_WARN_DEPRECATED_OBJC_IMPLEMENTATIONS = YES;
				CLANG_WARN_DIRECT_OBJC_ISA_USAGE = YES_ERROR;
				CLANG_WARN_DOCUMENTATION_COMMENTS = YES;
				CLANG_WARN_EMPTY_BODY = YES;
				CLANG_WARN_ENUM_CONVERSION = YES;
				CLANG_WARN_INFINITE_RECURSION = YES;
				CLANG_WARN_INT_CONVERSION = YES;
				CLANG_WARN_NON_LITERAL_NULL_CONVERSION = YES;
				CLANG_WARN_OBJC_IMPLICIT_RETAIN_SELF = YES;
				CLANG_WARN_OBJC_LITERAL_CONVERSION = YES;
				CLANG_WARN_OBJC_ROOT_CLASS = YES_ERROR;
				CLANG_WARN_QUOTED_INCLUDE_IN_FRAMEWORK_HEADER = YES;
				CLANG_WARN_RANGE_LOOP_ANALYSIS = YES;
				CLANG_WARN_STRICT_PROTOTYPES = YES;
				CLANG_WARN_SUSPICIOUS_MOVE = YES;
				CLANG_WARN_UNGUARDED_AVAILABILITY = YES_AGGRESSIVE;
				CLANG_WARN_UNREACHABLE_CODE = YES;
				CLANG_WARN__DUPLICATE_METHOD_MATCH = YES;
				CODE_SIGN_IDENTITY = "-";
				COPY_PHASE_STRIP = NO;
				DEBUG_INFORMATION_FORMAT = "dwarf-with-dsym";
				ENABLE_NS_ASSERTIONS = NO;
				ENABLE_STRICT_OBJC_MSGSEND = YES;
				GCC_C_LANGUAGE_STANDARD = gnu11;
				GCC_NO_COMMON_BLOCKS = YES;
				GCC_WARN_64_TO_32_BIT_CONVERSION = YES;
				GCC_WARN_ABOUT_RETURN_TYPE = YES_ERROR;
				GCC_WARN_UNDECLARED_SELECTOR = YES;
				GCC_WARN_UNINITIALIZED_AUTOS = YES_AGGRESSIVE;
				GCC_WARN_UNUSED_FUNCTION = YES;
				GCC_WARN_UNUSED_VARIABLE = YES;
				MACOSX_DEPLOYMENT_TARGET = 10.13;
				MTL_ENABLE_DEBUG_INFO = NO;
				SDKROOT = macosx;
			};
			name = Release;
		};
/* End XCBuildConfiguration section */

/* Begin XCConfigurationList section */
		6D9D58EA20C5D88F00090087 /* Build configuration list for PBXNativeTarget "Send via Outlook" */ = {
			isa = XCConfigurationList;
			buildConfigurations = (
				6D9D58E820C5D88F00090087 /* Debug */,
				6D9D58E920C5D88F00090087 /* Release */,
			);
			defaultConfigurationIsVisible = 0;
			defaultConfigurationName = Release;
		};
		BBFCC2492099A0BF00685DCF /* Build configuration list for PBXProject "Send via Outlook" */ = {
			isa = XCConfigurationList;
			buildConfigurations = (
				BBFCC2522099A0BF00685DCF /* Debug */,
				BBFCC2532099A0BF00685DCF /* Release */,
			);
			defaultConfigurationIsVisible = 0;
			defaultConfigurationName = Release;
		};
/* End XCConfigurationList section */
	};
	rootObject = BBFCC2462099A0BF00685DCF /* Project object */;
}
